
Microsoft Visual Studio Solution File, Format Version 12.00
# Visual Studio Version 17
VisualStudioVersion = 17.0.31903.59
MinimumVisualStudioVersion = 10.0.40219.1
Project("{FAE04EC0-301F-11D3-BF4B-00C04F79EFBC}") = "API", "API\API.csproj", "{1C0FFC07-1745-4BAC-878B-0FA3F6D0AD76}"
EndProject
Project("{FAE04EC0-301F-11D3-BF4B-00C04F79EFBC}") = "Core", "Core\Core.csproj", "{B4E9714A-0D7A-4BC2-89FF-84EF6DA1B734}"
EndProject
Project("{FAE04EC0-301F-11D3-BF4B-00C04F79EFBC}") = "Infrastructure", "Infrastructure\Infrastructure.csproj", "{9A191D29-AD2F-4E3A-8F67-C72A01C7DFA8}"
EndProject
Global
	GlobalSection(SolutionConfigurationPlatforms) = preSolution
		Debug|Any CPU = Debug|Any CPU
		Release|Any CPU = Release|Any CPU
	EndGlobalSection
	GlobalSection(SolutionProperties) = preSolution
		HideSolutionNode = FALSE
	EndGlobalSection
	GlobalSection(ProjectConfigurationPlatforms) = postSolution
		{1C0FFC07-1745-4BAC-878B-0FA3F6D0AD76}.Debug|Any CPU.ActiveCfg = Debug|Any CPU
		{1C0FFC07-1745-4BAC-878B-0FA3F6D0AD76}.Debug|Any CPU.Build.0 = Debug|Any CPU
		{1C0FFC07-1745-4BAC-878B-0FA3F6D0AD76}.Release|Any CPU.ActiveCfg = Release|Any CPU
		{1C0FFC07-1745-4BAC-878B-0FA3F6D0AD76}.Release|Any CPU.Build.0 = Release|Any CPU
		{B4E9714A-0D7A-4BC2-89FF-84EF6DA1B734}.Debug|Any CPU.ActiveCfg = Debug|Any CPU
		{B4E9714A-0D7A-4BC2-89FF-84EF6DA1B734}.Debug|Any CPU.Build.0 = Debug|Any CPU
		{B4E9714A-0D7A-4BC2-89FF-84EF6DA1B734}.Release|Any CPU.ActiveCfg = Release|Any CPU
		{B4E9714A-0D7A-4BC2-89FF-84EF6DA1B734}.Release|Any CPU.Build.0 = Release|Any CPU
		{9A191D29-AD2F-4E3A-8F67-C72A01C7DFA8}.Debug|Any CPU.ActiveCfg = Debug|Any CPU
		{9A191D29-AD2F-4E3A-8F67-C72A01C7DFA8}.Debug|Any CPU.Build.0 = Debug|Any CPU
		{9A191D29-AD2F-4E3A-8F67-C72A01C7DFA8}.Release|Any CPU.ActiveCfg = Release|Any CPU
		{9A191D29-AD2F-4E3A-8F67-C72A01C7DFA8}.Release|Any CPU.Build.0 = Release|Any CPU
	EndGlobalSection
EndGlobal
